{
  "name": "transfer-speed",
  "version": "0.0.0",
  "lockfileVersion": 2,
  "requires": true,
  "packages": {
    "": {
      "name": "transfer-speed",
      "version": "0.0.0",
      "license": "MIT",
      "dependencies": {
        "@arijs/frontend": "file:../front-end"
      }
    },
    "../front-end": {
      "version": "0.3.0",
      "license": "MIT",
      "dependencies": {
        "@babel/runtime": "^7.16.3",
        "dir-files": "^1.0.0-rc.15"
      },
      "devDependencies": {
        "@arijs/babel-plugin-transform-modules-umd": "^0.1.3",
        "@babel/cli": "^7.12.10",
        "@babel/core": "^7.12.10",
        "@babel/plugin-proposal-class-properties": "^7.16.0",
        "@babel/plugin-transform-runtime": "^7.16.4",
        "@babel/polyfill": "^7.12.1",
        "@babel/preset-env": "^7.12.11",
        "babel-plugin-module-resolver": "^4.1.0"
      }
    },
    "node_modules/@arijs/frontend": {
      "resolved": "../front-end",
      "link": true
    }
  },
  "dependencies": {
    "@arijs/frontend": {
      "version": "file:../front-end",
      "requires": {
        "@arijs/babel-plugin-transform-modules-umd": "^0.1.3",
        "@babel/cli": "^7.12.10",
        "@babel/core": "^7.12.10",
        "@babel/plugin-proposal-class-properties": "^7.16.0",
        "@babel/plugin-transform-runtime": "^7.16.4",
        "@babel/polyfill": "^7.12.1",
        "@babel/preset-env": "^7.12.11",
        "@babel/runtime": "^7.16.3",
        "babel-plugin-module-resolver": "^4.1.0",
        "dir-files": "^1.0.0-rc.15"
      }
    }
  }
}
